
Microsoft Visual Studio Solution File, Format Version 12.00
# Visual Studio Version 16
VisualStudioVersion = 16.0.29123.88
MinimumVisualStudioVersion = 10.0.40219.1
Project("{FAE04EC0-301F-11D3-BF4B-00C04F79EFBC}") = "github_test", "github_test\github_test.csproj", "{D9A72D16-D9DC-4519-ACEF-3FE4552EDA0B}"
EndProject
Global
	GlobalSection(SolutionConfigurationPlatforms) = preSolution
		Debug|Any CPU = Debug|Any CPU
		Release|Any CPU = Release|Any CPU
	EndGlobalSection
	GlobalSection(ProjectConfigurationPlatforms) = postSolution
		{D9A72D16-D9DC-4519-ACEF-3FE4552EDA0B}.Debug|Any CPU.ActiveCfg = Debug|Any CPU
		{D9A72D16-D9DC-4519-ACEF-3FE4552EDA0B}.Debug|Any CPU.Build.0 = Debug|Any CPU
		{D9A72D16-D9DC-4519-ACEF-3FE4552EDA0B}.Release|Any CPU.ActiveCfg = Release|Any CPU
		{D9A72D16-D9DC-4519-ACEF-3FE4552EDA0B}.Release|Any CPU.Build.0 = Release|Any CPU
	EndGlobalSection
	GlobalSection(SolutionProperties) = preSolution
		HideSolutionNode = FALSE
	EndGlobalSection
	GlobalSection(ExtensibilityGlobals) = postSolution
		SolutionGuid = {AD91B75A-8937-477A-9B66-C42FE7FF8AE0}
	EndGlobalSection
EndGlobal
